
Microsoft Visual Studio Solution File, Format Version 12.00
# Visual Studio Version 17
VisualStudioVersion = 17.11.35312.102
MinimumVisualStudioVersion = 10.0.40219.1
Project("{FAE04EC0-301F-11D3-BF4B-00C04F79EFBC}") = "FilghtSeatBooking", "SeatBooking\FilghtSeatBooking.csproj", "{A56C1CA9-8F20-4A41-993B-17A6BA54A626}"
EndProject
Global
	GlobalSection(SolutionConfigurationPlatforms) = preSolution
		Debug|Any CPU = Debug|Any CPU
		Release|Any CPU = Release|Any CPU
	EndGlobalSection
	GlobalSection(ProjectConfigurationPlatforms) = postSolution
		{A56C1CA9-8F20-4A41-993B-17A6BA54A626}.Debug|Any CPU.ActiveCfg = Debug|Any CPU
		{A56C1CA9-8F20-4A41-993B-17A6BA54A626}.Debug|Any CPU.Build.0 = Debug|Any CPU
		{A56C1CA9-8F20-4A41-993B-17A6BA54A626}.Release|Any CPU.ActiveCfg = Release|Any CPU
		{A56C1CA9-8F20-4A41-993B-17A6BA54A626}.Release|Any CPU.Build.0 = Release|Any CPU
	EndGlobalSection
	GlobalSection(SolutionProperties) = preSolution
		HideSolutionNode = FALSE
	EndGlobalSection
	GlobalSection(ExtensibilityGlobals) = postSolution
		SolutionGuid = {0E0C5C7B-4232-40CE-9F9D-C253BC5DC2B6}
	EndGlobalSection
EndGlobal
